
Microsoft Visual Studio Solution File, Format Version 12.00
# Visual Studio Version 17
VisualStudioVersion = 17.14.36623.8 d17.14
MinimumVisualStudioVersion = 10.0.40219.1
Project("{FAE04EC0-301F-11D3-BF4B-00C04F79EFBC}") = "ServicoFaturamento", "ServicoFaturamento\ServicoFaturamento.csproj", "{1B8F5C21-91EB-4422-A91A-7C4A9F113780}"
EndProject
Global
	GlobalSection(SolutionConfigurationPlatforms) = preSolution
		Debug|Any CPU = Debug|Any CPU
		Release|Any CPU = Release|Any CPU
	EndGlobalSection
	GlobalSection(ProjectConfigurationPlatforms) = postSolution
		{1B8F5C21-91EB-4422-A91A-7C4A9F113780}.Debug|Any CPU.ActiveCfg = Debug|Any CPU
		{1B8F5C21-91EB-4422-A91A-7C4A9F113780}.Debug|Any CPU.Build.0 = Debug|Any CPU
		{1B8F5C21-91EB-4422-A91A-7C4A9F113780}.Release|Any CPU.ActiveCfg = Release|Any CPU
		{1B8F5C21-91EB-4422-A91A-7C4A9F113780}.Release|Any CPU.Build.0 = Release|Any CPU
	EndGlobalSection
	GlobalSection(SolutionProperties) = preSolution
		HideSolutionNode = FALSE
	EndGlobalSection
	GlobalSection(ExtensibilityGlobals) = postSolution
		SolutionGuid = {5009DAE3-8122-4EA3-BB55-8CE32EB11134}
	EndGlobalSection
EndGlobal
